
Microsoft Visual Studio Solution File, Format Version 12.00
# Visual Studio Version 17
VisualStudioVersion = 17.6.33829.357
MinimumVisualStudioVersion = 10.0.40219.1
Project("{2150E333-8FDC-42A3-9474-1A3956D46DE8}") = "DefaultExchange", "DefaultExchange", "{2869BA70-82EC-4D45-852C-3909AC0B41B2}"
EndProject
Project("{9A19103F-16F7-4668-BE54-9A1E7A4F7556}") = "Consomer", "DefaultExchange\Consomer\Consomer.csproj", "{10406944-383B-4E02-AFB9-784A48A96D15}"
EndProject
Project("{9A19103F-16F7-4668-BE54-9A1E7A4F7556}") = "Publisher", "DefaultExchange\Publisher\Publisher.csproj", "{DF274D1E-124F-4146-BEE6-F14CD8E5E346}"
EndProject
Project("{2150E333-8FDC-42A3-9474-1A3956D46DE8}") = "DirectExchange", "DirectExchange", "{DC37DAFB-D3DB-4DF8-B70F-9910CCA64106}"
EndProject
Project("{9A19103F-16F7-4668-BE54-9A1E7A4F7556}") = "Publisher", "DirectExchange\Producer\Publisher.csproj", "{E9A55F39-7182-4250-8097-8925628702E5}"
EndProject
Project("{2150E333-8FDC-42A3-9474-1A3956D46DE8}") = "Consumer", "Consumer", "{81C76593-B4AD-411C-9132-41C9D66F7C15}"
EndProject
Project("{2150E333-8FDC-42A3-9474-1A3956D46DE8}") = "SharedCode", "SharedCode", "{69D6CAAD-74FD-49D0-93F4-D080C042ED49}"
EndProject
Project("{FAE04EC0-301F-11D3-BF4B-00C04F79EFBC}") = "Consumer", "DirectExchange\Consumer\SharedCode\ConsumerBuilder\Consumer.csproj", "{C6375F31-D4E1-4BA9-8E47-EF89E6C8AF9C}"
EndProject
Project("{9A19103F-16F7-4668-BE54-9A1E7A4F7556}") = "ConsumerFirst", "DirectExchange\Consumer\ConsumerFirst\ConsumerFirst.csproj", "{56DE5880-4364-4A04-A61A-23D71498FB6E}"
EndProject
Project("{FAE04EC0-301F-11D3-BF4B-00C04F79EFBC}") = "ConsumerSecond", "DirectExchange\Consumer\ConsumerSecond\ConsumerSecond.csproj", "{D8024DC6-1BDF-4B87-9893-A4EEACF8BBCB}"
EndProject
Project("{FAE04EC0-301F-11D3-BF4B-00C04F79EFBC}") = "ConsumerThird", "DirectExchange\Consumer\ConsumerThird\ConsumerThird.csproj", "{E2854D28-1758-4DD0-82A9-20A572AA9BE9}"
EndProject
Project("{FAE04EC0-301F-11D3-BF4B-00C04F79EFBC}") = "ConsumerAll", "DirectExchange\Consumer\ConsumerAll\ConsumerAll.csproj", "{5B2FAA65-FA8A-4CE4-9916-8130995DBA4E}"
EndProject
Global
	GlobalSection(SolutionConfigurationPlatforms) = preSolution
		Debug|Any CPU = Debug|Any CPU
		Release|Any CPU = Release|Any CPU
	EndGlobalSection
	GlobalSection(ProjectConfigurationPlatforms) = postSolution
		{10406944-383B-4E02-AFB9-784A48A96D15}.Debug|Any CPU.ActiveCfg = Debug|Any CPU
		{10406944-383B-4E02-AFB9-784A48A96D15}.Debug|Any CPU.Build.0 = Debug|Any CPU
		{10406944-383B-4E02-AFB9-784A48A96D15}.Release|Any CPU.ActiveCfg = Release|Any CPU
		{10406944-383B-4E02-AFB9-784A48A96D15}.Release|Any CPU.Build.0 = Release|Any CPU
		{DF274D1E-124F-4146-BEE6-F14CD8E5E346}.Debug|Any CPU.ActiveCfg = Debug|Any CPU
		{DF274D1E-124F-4146-BEE6-F14CD8E5E346}.Debug|Any CPU.Build.0 = Debug|Any CPU
		{DF274D1E-124F-4146-BEE6-F14CD8E5E346}.Release|Any CPU.ActiveCfg = Release|Any CPU
		{DF274D1E-124F-4146-BEE6-F14CD8E5E346}.Release|Any CPU.Build.0 = Release|Any CPU
		{E9A55F39-7182-4250-8097-8925628702E5}.Debug|Any CPU.ActiveCfg = Debug|Any CPU
		{E9A55F39-7182-4250-8097-8925628702E5}.Debug|Any CPU.Build.0 = Debug|Any CPU
		{E9A55F39-7182-4250-8097-8925628702E5}.Release|Any CPU.ActiveCfg = Release|Any CPU
		{E9A55F39-7182-4250-8097-8925628702E5}.Release|Any CPU.Build.0 = Release|Any CPU
		{C6375F31-D4E1-4BA9-8E47-EF89E6C8AF9C}.Debug|Any CPU.ActiveCfg = Debug|Any CPU
		{C6375F31-D4E1-4BA9-8E47-EF89E6C8AF9C}.Debug|Any CPU.Build.0 = Debug|Any CPU
		{C6375F31-D4E1-4BA9-8E47-EF89E6C8AF9C}.Release|Any CPU.ActiveCfg = Release|Any CPU
		{C6375F31-D4E1-4BA9-8E47-EF89E6C8AF9C}.Release|Any CPU.Build.0 = Release|Any CPU
		{56DE5880-4364-4A04-A61A-23D71498FB6E}.Debug|Any CPU.ActiveCfg = Debug|Any CPU
		{56DE5880-4364-4A04-A61A-23D71498FB6E}.Debug|Any CPU.Build.0 = Debug|Any CPU
		{56DE5880-4364-4A04-A61A-23D71498FB6E}.Release|Any CPU.ActiveCfg = Release|Any CPU
		{56DE5880-4364-4A04-A61A-23D71498FB6E}.Release|Any CPU.Build.0 = Release|Any CPU
		{D8024DC6-1BDF-4B87-9893-A4EEACF8BBCB}.Debug|Any CPU.ActiveCfg = Debug|Any CPU
		{D8024DC6-1BDF-4B87-9893-A4EEACF8BBCB}.Debug|Any CPU.Build.0 = Debug|Any CPU
		{D8024DC6-1BDF-4B87-9893-A4EEACF8BBCB}.Release|Any CPU.ActiveCfg = Release|Any CPU
		{D8024DC6-1BDF-4B87-9893-A4EEACF8BBCB}.Release|Any CPU.Build.0 = Release|Any CPU
		{E2854D28-1758-4DD0-82A9-20A572AA9BE9}.Debug|Any CPU.ActiveCfg = Debug|Any CPU
		{E2854D28-1758-4DD0-82A9-20A572AA9BE9}.Debug|Any CPU.Build.0 = Debug|Any CPU
		{E2854D28-1758-4DD0-82A9-20A572AA9BE9}.Release|Any CPU.ActiveCfg = Release|Any CPU
		{E2854D28-1758-4DD0-82A9-20A572AA9BE9}.Release|Any CPU.Build.0 = Release|Any CPU
		{5B2FAA65-FA8A-4CE4-9916-8130995DBA4E}.Debug|Any CPU.ActiveCfg = Debug|Any CPU
		{5B2FAA65-FA8A-4CE4-9916-8130995DBA4E}.Debug|Any CPU.Build.0 = Debug|Any CPU
		{5B2FAA65-FA8A-4CE4-9916-8130995DBA4E}.Release|Any CPU.ActiveCfg = Release|Any CPU
		{5B2FAA65-FA8A-4CE4-9916-8130995DBA4E}.Release|Any CPU.Build.0 = Release|Any CPU
	EndGlobalSection
	GlobalSection(SolutionProperties) = preSolution
		HideSolutionNode = FALSE
	EndGlobalSection
	GlobalSection(NestedProjects) = preSolution
		{10406944-383B-4E02-AFB9-784A48A96D15} = {2869BA70-82EC-4D45-852C-3909AC0B41B2}
		{DF274D1E-124F-4146-BEE6-F14CD8E5E346} = {2869BA70-82EC-4D45-852C-3909AC0B41B2}
		{E9A55F39-7182-4250-8097-8925628702E5} = {DC37DAFB-D3DB-4DF8-B70F-9910CCA64106}
		{81C76593-B4AD-411C-9132-41C9D66F7C15} = {DC37DAFB-D3DB-4DF8-B70F-9910CCA64106}
		{69D6CAAD-74FD-49D0-93F4-D080C042ED49} = {81C76593-B4AD-411C-9132-41C9D66F7C15}
		{C6375F31-D4E1-4BA9-8E47-EF89E6C8AF9C} = {69D6CAAD-74FD-49D0-93F4-D080C042ED49}
		{56DE5880-4364-4A04-A61A-23D71498FB6E} = {81C76593-B4AD-411C-9132-41C9D66F7C15}
		{D8024DC6-1BDF-4B87-9893-A4EEACF8BBCB} = {81C76593-B4AD-411C-9132-41C9D66F7C15}
		{E2854D28-1758-4DD0-82A9-20A572AA9BE9} = {81C76593-B4AD-411C-9132-41C9D66F7C15}
		{5B2FAA65-FA8A-4CE4-9916-8130995DBA4E} = {81C76593-B4AD-411C-9132-41C9D66F7C15}
	EndGlobalSection
	GlobalSection(ExtensibilityGlobals) = postSolution
		SolutionGuid = {2431D63E-FA8B-415A-BB5A-18341758C601}
	EndGlobalSection
EndGlobal
