
Microsoft Visual Studio Solution File, Format Version 12.00
# Visual Studio Version 17
VisualStudioVersion = 17.6.33829.357
MinimumVisualStudioVersion = 10.0.40219.1
Project("{2150E333-8FDC-42A3-9474-1A3956D46DE8}") = "DefaultExchange", "DefaultExchange", "{2869BA70-82EC-4D45-852C-3909AC0B41B2}"
EndProject
Project("{9A19103F-16F7-4668-BE54-9A1E7A4F7556}") = "Consomer", "DefaultExchange\Consomer\Consomer.csproj", "{10406944-383B-4E02-AFB9-784A48A96D15}"
EndProject
Project("{9A19103F-16F7-4668-BE54-9A1E7A4F7556}") = "Publisher", "DefaultExchange\Publisher\Publisher.csproj", "{DF274D1E-124F-4146-BEE6-F14CD8E5E346}"
EndProject
Global
	GlobalSection(SolutionConfigurationPlatforms) = preSolution
		Debug|Any CPU = Debug|Any CPU
		Release|Any CPU = Release|Any CPU
	EndGlobalSection
	GlobalSection(ProjectConfigurationPlatforms) = postSolution
		{10406944-383B-4E02-AFB9-784A48A96D15}.Debug|Any CPU.ActiveCfg = Debug|Any CPU
		{10406944-383B-4E02-AFB9-784A48A96D15}.Debug|Any CPU.Build.0 = Debug|Any CPU
		{10406944-383B-4E02-AFB9-784A48A96D15}.Release|Any CPU.ActiveCfg = Release|Any CPU
		{10406944-383B-4E02-AFB9-784A48A96D15}.Release|Any CPU.Build.0 = Release|Any CPU
		{DF274D1E-124F-4146-BEE6-F14CD8E5E346}.Debug|Any CPU.ActiveCfg = Debug|Any CPU
		{DF274D1E-124F-4146-BEE6-F14CD8E5E346}.Debug|Any CPU.Build.0 = Debug|Any CPU
		{DF274D1E-124F-4146-BEE6-F14CD8E5E346}.Release|Any CPU.ActiveCfg = Release|Any CPU
		{DF274D1E-124F-4146-BEE6-F14CD8E5E346}.Release|Any CPU.Build.0 = Release|Any CPU
	EndGlobalSection
	GlobalSection(SolutionProperties) = preSolution
		HideSolutionNode = FALSE
	EndGlobalSection
	GlobalSection(NestedProjects) = preSolution
		{10406944-383B-4E02-AFB9-784A48A96D15} = {2869BA70-82EC-4D45-852C-3909AC0B41B2}
		{DF274D1E-124F-4146-BEE6-F14CD8E5E346} = {2869BA70-82EC-4D45-852C-3909AC0B41B2}
	EndGlobalSection
	GlobalSection(ExtensibilityGlobals) = postSolution
		SolutionGuid = {2431D63E-FA8B-415A-BB5A-18341758C601}
	EndGlobalSection
EndGlobal
